
Microsoft Visual Studio Solution File, Format Version 12.00
# Visual Studio Version 17
VisualStudioVersion = 17.4.33403.182
MinimumVisualStudioVersion = 10.0.40219.1
Project("{8BC9CEB8-8B4A-11D0-8D11-00A0C91BC942}") = "ConsoleApplication1", "ConsoleApplication1\ConsoleApplication1.vcxproj", "{74612586-14E5-4780-9843-450F44BDF6BE}"
EndProject
Global
	GlobalSection(SolutionConfigurationPlatforms) = preSolution
		Debug|x64 = Debug|x64
		Debug|x86 = Debug|x86
		Release|x64 = Release|x64
		Release|x86 = Release|x86
	EndGlobalSection
	GlobalSection(ProjectConfigurationPlatforms) = postSolution
		{74612586-14E5-4780-9843-450F44BDF6BE}.Debug|x64.ActiveCfg = Debug|x64
		{74612586-14E5-4780-9843-450F44BDF6BE}.Debug|x64.Build.0 = Debug|x64
		{74612586-14E5-4780-9843-450F44BDF6BE}.Debug|x86.ActiveCfg = Debug|Win32
		{74612586-14E5-4780-9843-450F44BDF6BE}.Debug|x86.Build.0 = Debug|Win32
		{74612586-14E5-4780-9843-450F44BDF6BE}.Release|x64.ActiveCfg = Release|x64
		{74612586-14E5-4780-9843-450F44BDF6BE}.Release|x64.Build.0 = Release|x64
		{74612586-14E5-4780-9843-450F44BDF6BE}.Release|x86.ActiveCfg = Release|Win32
		{74612586-14E5-4780-9843-450F44BDF6BE}.Release|x86.Build.0 = Release|Win32
	EndGlobalSection
	GlobalSection(SolutionProperties) = preSolution
		HideSolutionNode = FALSE
	EndGlobalSection
	GlobalSection(ExtensibilityGlobals) = postSolution
		SolutionGuid = {14093B6D-BE97-43EA-BF62-DC32E9F5F091}
	EndGlobalSection
EndGlobal
